{
  "name": "nodejs-email-app",
  "version": "1.0.0",
  "lockfileVersion": 3,
  "requires": true,
  "packages": {
    "": {
      "name": "nodejs-email-app",
      "version": "1.0.0",
      "license": "ISC",
      "dependencies": {
        "node-cron": "^4.2.1",
        "nodemailer": "^7.0.10"
      }
    },
    "node_modules/node-cron": {
      "version": "4.2.1",
      "resolved": "https://registry.npmjs.org/node-cron/-/node-cron-4.2.1.tgz",
      "integrity": "sha512-lgimEHPE/QDgFlywTd8yTR61ptugX3Qer29efeyWw2rv259HtGBNn1vZVmp8lB9uo9wC0t/AT4iGqXxia+CJFg==",
      "license": "ISC",
      "engines": {
        "node": ">=6.0.0"
      }
    },
    "node_modules/nodemailer": {
      "version": "7.0.10",
      "resolved": "https://registry.npmjs.org/nodemailer/-/nodemailer-7.0.10.tgz",
      "integrity": "sha512-Us/Se1WtT0ylXgNFfyFSx4LElllVLJXQjWi2Xz17xWw7amDKO2MLtFnVp1WACy7GkVGs+oBlRopVNUzlrGSw1w==",
      "license": "MIT-0",
      "engines": {
        "node": ">=6.0.0"
      }
    }
  }
}
